{
  "name": "stimulusjs-demo",
  "requires": true,
  "lockfileVersion": 1,
  "dependencies": {
    "@stimulus/core": {
      "version": "1.0.1",
      "resolved": "https://registry.npmjs.org/@stimulus/core/-/core-1.0.1.tgz",
      "integrity": "sha512-tQGBJyhkr+/6JZLb7WqrIgZiY46Aa0FbXH9nzNZjSMDut11LAfNPDqc7U5N9mvPoG7kCE2YJa/YQdGGlB6LgFg==",
      "requires": {
        "@stimulus/mutation-observers": "1.0.0"
      }
    },
    "@stimulus/multimap": {
      "version": "0.9.0",
      "resolved": "https://registry.npmjs.org/@stimulus/multimap/-/multimap-0.9.0.tgz",
      "integrity": "sha512-cH38w+peiR6dMPN0bRJttNYatOs2aSussM4A8T27VNX9oVn5ZMVfPi7POnmDtPXzd8x3F6jpWoP8HkbzkqaPFw=="
    },
    "@stimulus/mutation-observers": {
      "version": "1.0.0",
      "resolved": "https://registry.npmjs.org/@stimulus/mutation-observers/-/mutation-observers-1.0.0.tgz",
      "integrity": "sha512-lxXzttbMKjAML4+7JfxbETCwf9WFaIZwjTO9mbAIUq2Lykpajkc43DfdEsn6tVv5ayCU+3ODZRRllMkmLiENXg==",
      "requires": {
        "@stimulus/multimap": "0.9.0"
      }
    },
    "@stimulus/webpack-helpers": {
      "version": "1.0.0",
      "resolved": "https://registry.npmjs.org/@stimulus/webpack-helpers/-/webpack-helpers-1.0.0.tgz",
      "integrity": "sha512-p525nE67Nj9Q7lzo6XMXjFGWHyCwPyEevypKJoMmtNp8CfTGEBJe+zyqhDfuqtPg1RvRSZPgrWJgDXAC844pQQ=="
    },
    "stimulus": {
      "version": "1.0.1",
      "resolved": "https://registry.npmjs.org/stimulus/-/stimulus-1.0.1.tgz",
      "integrity": "sha512-3cxlrUkI5KLUno41W4IFbkBK6uubt2D29x5CS+KPPTag693ZlBnD7d/2UgJEOg1mNBgTgukeiTyHh9UC+nRkSg==",
      "requires": {
        "@stimulus/core": "1.0.1",
        "@stimulus/webpack-helpers": "1.0.0"
      }
    }
  }
}
